
Microsoft Visual Studio Solution File, Format Version 12.00
# Visual Studio Version 17
VisualStudioVersion = 17.4.33027.239
MinimumVisualStudioVersion = 10.0.40219.1
Project("{FAE04EC0-301F-11D3-BF4B-00C04F79EFBC}") = "YT-dashboard.API", "YT-dashboard.API\YT-dashboard.API.csproj", "{9CDFDC17-8924-4BB5-9FB3-E160A82F602D}"
EndProject
Global
	GlobalSection(SolutionConfigurationPlatforms) = preSolution
		Debug|Any CPU = Debug|Any CPU
		Release|Any CPU = Release|Any CPU
	EndGlobalSection
	GlobalSection(ProjectConfigurationPlatforms) = postSolution
		{9CDFDC17-8924-4BB5-9FB3-E160A82F602D}.Debug|Any CPU.ActiveCfg = Debug|Any CPU
		{9CDFDC17-8924-4BB5-9FB3-E160A82F602D}.Debug|Any CPU.Build.0 = Debug|Any CPU
		{9CDFDC17-8924-4BB5-9FB3-E160A82F602D}.Release|Any CPU.ActiveCfg = Release|Any CPU
		{9CDFDC17-8924-4BB5-9FB3-E160A82F602D}.Release|Any CPU.Build.0 = Release|Any CPU
	EndGlobalSection
	GlobalSection(SolutionProperties) = preSolution
		HideSolutionNode = FALSE
	EndGlobalSection
	GlobalSection(ExtensibilityGlobals) = postSolution
		SolutionGuid = {0058087A-FC6F-4719-9F21-E3B6BBB7F7E2}
	EndGlobalSection
EndGlobal
